
Microsoft Visual Studio Solution File, Format Version 12.00
# Visual Studio 15
VisualStudioVersion = 15.0.27004.2002
MinimumVisualStudioVersion = 10.0.40219.1
Project("{FAE04EC0-301F-11D3-BF4B-00C04F79EFBC}") = "Locis", "WebApplication1\Locis.csproj", "{E28CC253-C474-4A64-BCC1-3C2865D2A36D}"
EndProject
Project("{2150E333-8FDC-42A3-9474-1A3956D46DE8}") = "Domain", "Domain", "{6ED6A332-00DD-4C48-828C-A1B844E03268}"
EndProject
Project("{2150E333-8FDC-42A3-9474-1A3956D46DE8}") = "Infrastructure", "Infrastructure", "{B6E235DB-949E-4446-A92A-62B979685A66}"
EndProject
Project("{FAE04EC0-301F-11D3-BF4B-00C04F79EFBC}") = "DataAccess", "DataAccess\DataAccess.csproj", "{5021F7DF-9CBF-4A43-9A9D-5BA5C25CE331}"
EndProject
Project("{FAE04EC0-301F-11D3-BF4B-00C04F79EFBC}") = "UserMangment", "UserMangment\UserMangment.csproj", "{9C12F597-7582-4D74-87B5-B3432F35266C}"
EndProject
Project("{2150E333-8FDC-42A3-9474-1A3956D46DE8}") = "Application", "Application", "{B146149E-2F4C-4CE3-BFC3-71A129C0DB75}"
EndProject
Project("{FAE04EC0-301F-11D3-BF4B-00C04F79EFBC}") = "Common", "Common\Common.csproj", "{D91E0CB3-AE13-4108-B065-51ED61AB0E6C}"
EndProject
Project("{FAE04EC0-301F-11D3-BF4B-00C04F79EFBC}") = "RoomMangment", "RoomMangment\RoomMangment.csproj", "{F1A34ED5-3FAA-4ABE-B4EA-39469402AE5A}"
EndProject
Project("{FAE04EC0-301F-11D3-BF4B-00C04F79EFBC}") = "InvitationMangment", "InvaitationMangment\InvitationMangment.csproj", "{EDD77230-538E-4FFF-94F2-DE40D1CE8747}"
EndProject
Project("{2150E333-8FDC-42A3-9474-1A3956D46DE8}") = "Tests", "Tests", "{99F7DD3A-6AE2-4282-9694-D29AAC34081D}"
EndProject
Project("{FAE04EC0-301F-11D3-BF4B-00C04F79EFBC}") = "SongMangment", "SongMangment\SongMangment.csproj", "{DA89F72E-83C9-4756-8ED0-6BFF8ED06B08}"
EndProject
Project("{FAE04EC0-301F-11D3-BF4B-00C04F79EFBC}") = "EmailService", "EmailService\EmailService.csproj", "{9CAB5599-840C-42E9-903A-FA370C879F94}"
EndProject
Project("{FAE04EC0-301F-11D3-BF4B-00C04F79EFBC}") = "RoomMangmentTest", "RoomMangmentTest\RoomMangmentTest.csproj", "{C7BE7A96-9847-4F7A-9F2C-3BA671A0D109}"
EndProject
Project("{FAE04EC0-301F-11D3-BF4B-00C04F79EFBC}") = "UserMangmentTest", "UserMangmentTest\UserMangmentTest.csproj", "{C2CB23F0-0720-46C7-BD14-68B8B9CB9A40}"
EndProject
Project("{FAE04EC0-301F-11D3-BF4B-00C04F79EFBC}") = "InvitationMangmentTest", "InvitationMangmentTest\InvitationMangmentTest.csproj", "{CA16752D-4F73-4F02-94EB-9C54A0C72378}"
EndProject
Project("{FAE04EC0-301F-11D3-BF4B-00C04F79EFBC}") = "PlaylistMangment", "PlaylistMangment\PlaylistMangment.csproj", "{67E4C8D4-F989-48F6-AD19-F63A18F230DC}"
EndProject
Project("{FAE04EC0-301F-11D3-BF4B-00C04F79EFBC}") = "PlaylistMangmentTest", "PlaylistMangmentTest\PlaylistMangmentTest.csproj", "{CEFA52D9-11EE-4A7C-9BF8-F3F66B04111A}"
EndProject
Project("{FAE04EC0-301F-11D3-BF4B-00C04F79EFBC}") = "LocalFileAccess", "FileAccess\LocalFileAccess.csproj", "{0218341B-6B0E-4C92-B44F-792939A883BB}"
EndProject
Project("{FAE04EC0-301F-11D3-BF4B-00C04F79EFBC}") = "AddFriendRequestMangment", "AddFriendRequestMangment\AddFriendRequestMangment.csproj", "{792EB477-5ECB-4CF5-A648-8F6CE1ACA103}"
EndProject
Project("{FAE04EC0-301F-11D3-BF4B-00C04F79EFBC}") = "AddFriendRequestMangmentTest", "AddFriendRequestMangmentTest\AddFriendRequestMangmentTest.csproj", "{D11D5672-8EE6-46D1-A8D2-1486FA964781}"
EndProject
Project("{2150E333-8FDC-42A3-9474-1A3956D46DE8}") = "DomainTests", "DomainTests", "{AB46AFDB-A26F-4012-ADB6-D7BF0B55556D}"
EndProject
Project("{2150E333-8FDC-42A3-9474-1A3956D46DE8}") = "ApplicationTests", "ApplicationTests", "{E3BD1FA4-C59E-4416-80F2-0408377E5A04}"
EndProject
Project("{FAE04EC0-301F-11D3-BF4B-00C04F79EFBC}") = "UserControllerTest", "UserControllerTest\UserControllerTest.csproj", "{F39A8A9C-5CC5-4592-8FB5-F19BEF5B2FB2}"
EndProject
Project("{FAE04EC0-301F-11D3-BF4B-00C04F79EFBC}") = "SongMangmentTests", "SongMangmentTests\SongMangmentTests.csproj", "{D4651902-45CC-4CBF-BA0F-56CBCB4006FD}"
EndProject
Global
	GlobalSection(SolutionConfigurationPlatforms) = preSolution
		Debug|Any CPU = Debug|Any CPU
		Release|Any CPU = Release|Any CPU
	EndGlobalSection
	GlobalSection(ProjectConfigurationPlatforms) = postSolution
		{E28CC253-C474-4A64-BCC1-3C2865D2A36D}.Debug|Any CPU.ActiveCfg = Debug|Any CPU
		{E28CC253-C474-4A64-BCC1-3C2865D2A36D}.Debug|Any CPU.Build.0 = Debug|Any CPU
		{E28CC253-C474-4A64-BCC1-3C2865D2A36D}.Release|Any CPU.ActiveCfg = Release|Any CPU
		{E28CC253-C474-4A64-BCC1-3C2865D2A36D}.Release|Any CPU.Build.0 = Release|Any CPU
		{5021F7DF-9CBF-4A43-9A9D-5BA5C25CE331}.Debug|Any CPU.ActiveCfg = Debug|Any CPU
		{5021F7DF-9CBF-4A43-9A9D-5BA5C25CE331}.Debug|Any CPU.Build.0 = Debug|Any CPU
		{5021F7DF-9CBF-4A43-9A9D-5BA5C25CE331}.Release|Any CPU.ActiveCfg = Release|Any CPU
		{5021F7DF-9CBF-4A43-9A9D-5BA5C25CE331}.Release|Any CPU.Build.0 = Release|Any CPU
		{9C12F597-7582-4D74-87B5-B3432F35266C}.Debug|Any CPU.ActiveCfg = Debug|Any CPU
		{9C12F597-7582-4D74-87B5-B3432F35266C}.Debug|Any CPU.Build.0 = Debug|Any CPU
		{9C12F597-7582-4D74-87B5-B3432F35266C}.Release|Any CPU.ActiveCfg = Release|Any CPU
		{9C12F597-7582-4D74-87B5-B3432F35266C}.Release|Any CPU.Build.0 = Release|Any CPU
		{D91E0CB3-AE13-4108-B065-51ED61AB0E6C}.Debug|Any CPU.ActiveCfg = Debug|Any CPU
		{D91E0CB3-AE13-4108-B065-51ED61AB0E6C}.Debug|Any CPU.Build.0 = Debug|Any CPU
		{D91E0CB3-AE13-4108-B065-51ED61AB0E6C}.Release|Any CPU.ActiveCfg = Release|Any CPU
		{D91E0CB3-AE13-4108-B065-51ED61AB0E6C}.Release|Any CPU.Build.0 = Release|Any CPU
		{F1A34ED5-3FAA-4ABE-B4EA-39469402AE5A}.Debug|Any CPU.ActiveCfg = Debug|Any CPU
		{F1A34ED5-3FAA-4ABE-B4EA-39469402AE5A}.Debug|Any CPU.Build.0 = Debug|Any CPU
		{F1A34ED5-3FAA-4ABE-B4EA-39469402AE5A}.Release|Any CPU.ActiveCfg = Release|Any CPU
		{F1A34ED5-3FAA-4ABE-B4EA-39469402AE5A}.Release|Any CPU.Build.0 = Release|Any CPU
		{EDD77230-538E-4FFF-94F2-DE40D1CE8747}.Debug|Any CPU.ActiveCfg = Debug|Any CPU
		{EDD77230-538E-4FFF-94F2-DE40D1CE8747}.Debug|Any CPU.Build.0 = Debug|Any CPU
		{EDD77230-538E-4FFF-94F2-DE40D1CE8747}.Release|Any CPU.ActiveCfg = Release|Any CPU
		{EDD77230-538E-4FFF-94F2-DE40D1CE8747}.Release|Any CPU.Build.0 = Release|Any CPU
		{DA89F72E-83C9-4756-8ED0-6BFF8ED06B08}.Debug|Any CPU.ActiveCfg = Debug|x86
		{DA89F72E-83C9-4756-8ED0-6BFF8ED06B08}.Debug|Any CPU.Build.0 = Debug|x86
		{DA89F72E-83C9-4756-8ED0-6BFF8ED06B08}.Release|Any CPU.ActiveCfg = Release|Any CPU
		{DA89F72E-83C9-4756-8ED0-6BFF8ED06B08}.Release|Any CPU.Build.0 = Release|Any CPU
		{9CAB5599-840C-42E9-903A-FA370C879F94}.Debug|Any CPU.ActiveCfg = Debug|Any CPU
		{9CAB5599-840C-42E9-903A-FA370C879F94}.Debug|Any CPU.Build.0 = Debug|Any CPU
		{9CAB5599-840C-42E9-903A-FA370C879F94}.Release|Any CPU.ActiveCfg = Release|Any CPU
		{9CAB5599-840C-42E9-903A-FA370C879F94}.Release|Any CPU.Build.0 = Release|Any CPU
		{C7BE7A96-9847-4F7A-9F2C-3BA671A0D109}.Debug|Any CPU.ActiveCfg = Debug|Any CPU
		{C7BE7A96-9847-4F7A-9F2C-3BA671A0D109}.Debug|Any CPU.Build.0 = Debug|Any CPU
		{C7BE7A96-9847-4F7A-9F2C-3BA671A0D109}.Release|Any CPU.ActiveCfg = Release|Any CPU
		{C7BE7A96-9847-4F7A-9F2C-3BA671A0D109}.Release|Any CPU.Build.0 = Release|Any CPU
		{C2CB23F0-0720-46C7-BD14-68B8B9CB9A40}.Debug|Any CPU.ActiveCfg = Debug|Any CPU
		{C2CB23F0-0720-46C7-BD14-68B8B9CB9A40}.Debug|Any CPU.Build.0 = Debug|Any CPU
		{C2CB23F0-0720-46C7-BD14-68B8B9CB9A40}.Release|Any CPU.ActiveCfg = Release|Any CPU
		{C2CB23F0-0720-46C7-BD14-68B8B9CB9A40}.Release|Any CPU.Build.0 = Release|Any CPU
		{CA16752D-4F73-4F02-94EB-9C54A0C72378}.Debug|Any CPU.ActiveCfg = Debug|Any CPU
		{CA16752D-4F73-4F02-94EB-9C54A0C72378}.Debug|Any CPU.Build.0 = Debug|Any CPU
		{CA16752D-4F73-4F02-94EB-9C54A0C72378}.Release|Any CPU.ActiveCfg = Release|Any CPU
		{CA16752D-4F73-4F02-94EB-9C54A0C72378}.Release|Any CPU.Build.0 = Release|Any CPU
		{67E4C8D4-F989-48F6-AD19-F63A18F230DC}.Debug|Any CPU.ActiveCfg = Debug|Any CPU
		{67E4C8D4-F989-48F6-AD19-F63A18F230DC}.Debug|Any CPU.Build.0 = Debug|Any CPU
		{67E4C8D4-F989-48F6-AD19-F63A18F230DC}.Release|Any CPU.ActiveCfg = Release|Any CPU
		{67E4C8D4-F989-48F6-AD19-F63A18F230DC}.Release|Any CPU.Build.0 = Release|Any CPU
		{CEFA52D9-11EE-4A7C-9BF8-F3F66B04111A}.Debug|Any CPU.ActiveCfg = Debug|Any CPU
		{CEFA52D9-11EE-4A7C-9BF8-F3F66B04111A}.Debug|Any CPU.Build.0 = Debug|Any CPU
		{CEFA52D9-11EE-4A7C-9BF8-F3F66B04111A}.Release|Any CPU.ActiveCfg = Release|Any CPU
		{CEFA52D9-11EE-4A7C-9BF8-F3F66B04111A}.Release|Any CPU.Build.0 = Release|Any CPU
		{0218341B-6B0E-4C92-B44F-792939A883BB}.Debug|Any CPU.ActiveCfg = Debug|Any CPU
		{0218341B-6B0E-4C92-B44F-792939A883BB}.Debug|Any CPU.Build.0 = Debug|Any CPU
		{0218341B-6B0E-4C92-B44F-792939A883BB}.Release|Any CPU.ActiveCfg = Release|Any CPU
		{0218341B-6B0E-4C92-B44F-792939A883BB}.Release|Any CPU.Build.0 = Release|Any CPU
		{792EB477-5ECB-4CF5-A648-8F6CE1ACA103}.Debug|Any CPU.ActiveCfg = Debug|Any CPU
		{792EB477-5ECB-4CF5-A648-8F6CE1ACA103}.Debug|Any CPU.Build.0 = Debug|Any CPU
		{792EB477-5ECB-4CF5-A648-8F6CE1ACA103}.Release|Any CPU.ActiveCfg = Release|Any CPU
		{792EB477-5ECB-4CF5-A648-8F6CE1ACA103}.Release|Any CPU.Build.0 = Release|Any CPU
		{D11D5672-8EE6-46D1-A8D2-1486FA964781}.Debug|Any CPU.ActiveCfg = Debug|Any CPU
		{D11D5672-8EE6-46D1-A8D2-1486FA964781}.Debug|Any CPU.Build.0 = Debug|Any CPU
		{D11D5672-8EE6-46D1-A8D2-1486FA964781}.Release|Any CPU.ActiveCfg = Release|Any CPU
		{D11D5672-8EE6-46D1-A8D2-1486FA964781}.Release|Any CPU.Build.0 = Release|Any CPU
		{F39A8A9C-5CC5-4592-8FB5-F19BEF5B2FB2}.Debug|Any CPU.ActiveCfg = Debug|Any CPU
		{F39A8A9C-5CC5-4592-8FB5-F19BEF5B2FB2}.Debug|Any CPU.Build.0 = Debug|Any CPU
		{F39A8A9C-5CC5-4592-8FB5-F19BEF5B2FB2}.Release|Any CPU.ActiveCfg = Release|Any CPU
		{F39A8A9C-5CC5-4592-8FB5-F19BEF5B2FB2}.Release|Any CPU.Build.0 = Release|Any CPU
		{D4651902-45CC-4CBF-BA0F-56CBCB4006FD}.Debug|Any CPU.ActiveCfg = Debug|Any CPU
		{D4651902-45CC-4CBF-BA0F-56CBCB4006FD}.Debug|Any CPU.Build.0 = Debug|Any CPU
		{D4651902-45CC-4CBF-BA0F-56CBCB4006FD}.Release|Any CPU.ActiveCfg = Release|Any CPU
		{D4651902-45CC-4CBF-BA0F-56CBCB4006FD}.Release|Any CPU.Build.0 = Release|Any CPU
	EndGlobalSection
	GlobalSection(SolutionProperties) = preSolution
		HideSolutionNode = FALSE
	EndGlobalSection
	GlobalSection(NestedProjects) = preSolution
		{E28CC253-C474-4A64-BCC1-3C2865D2A36D} = {B146149E-2F4C-4CE3-BFC3-71A129C0DB75}
		{5021F7DF-9CBF-4A43-9A9D-5BA5C25CE331} = {B6E235DB-949E-4446-A92A-62B979685A66}
		{9C12F597-7582-4D74-87B5-B3432F35266C} = {6ED6A332-00DD-4C48-828C-A1B844E03268}
		{F1A34ED5-3FAA-4ABE-B4EA-39469402AE5A} = {6ED6A332-00DD-4C48-828C-A1B844E03268}
		{EDD77230-538E-4FFF-94F2-DE40D1CE8747} = {6ED6A332-00DD-4C48-828C-A1B844E03268}
		{DA89F72E-83C9-4756-8ED0-6BFF8ED06B08} = {6ED6A332-00DD-4C48-828C-A1B844E03268}
		{9CAB5599-840C-42E9-903A-FA370C879F94} = {6ED6A332-00DD-4C48-828C-A1B844E03268}
		{C7BE7A96-9847-4F7A-9F2C-3BA671A0D109} = {AB46AFDB-A26F-4012-ADB6-D7BF0B55556D}
		{C2CB23F0-0720-46C7-BD14-68B8B9CB9A40} = {AB46AFDB-A26F-4012-ADB6-D7BF0B55556D}
		{CA16752D-4F73-4F02-94EB-9C54A0C72378} = {AB46AFDB-A26F-4012-ADB6-D7BF0B55556D}
		{67E4C8D4-F989-48F6-AD19-F63A18F230DC} = {6ED6A332-00DD-4C48-828C-A1B844E03268}
		{CEFA52D9-11EE-4A7C-9BF8-F3F66B04111A} = {AB46AFDB-A26F-4012-ADB6-D7BF0B55556D}
		{0218341B-6B0E-4C92-B44F-792939A883BB} = {B6E235DB-949E-4446-A92A-62B979685A66}
		{792EB477-5ECB-4CF5-A648-8F6CE1ACA103} = {6ED6A332-00DD-4C48-828C-A1B844E03268}
		{D11D5672-8EE6-46D1-A8D2-1486FA964781} = {AB46AFDB-A26F-4012-ADB6-D7BF0B55556D}
		{AB46AFDB-A26F-4012-ADB6-D7BF0B55556D} = {99F7DD3A-6AE2-4282-9694-D29AAC34081D}
		{E3BD1FA4-C59E-4416-80F2-0408377E5A04} = {99F7DD3A-6AE2-4282-9694-D29AAC34081D}
		{F39A8A9C-5CC5-4592-8FB5-F19BEF5B2FB2} = {E3BD1FA4-C59E-4416-80F2-0408377E5A04}
		{D4651902-45CC-4CBF-BA0F-56CBCB4006FD} = {AB46AFDB-A26F-4012-ADB6-D7BF0B55556D}
	EndGlobalSection
	GlobalSection(ExtensibilityGlobals) = postSolution
		SolutionGuid = {AB3F91A5-E012-4639-938A-7B04C7013FBE}
	EndGlobalSection
EndGlobal
